
Microsoft Visual Studio Solution File, Format Version 12.00
# Visual Studio Version 17
VisualStudioVersion = 17.7.34024.191
MinimumVisualStudioVersion = 10.0.40219.1
Project("{FAE04EC0-301F-11D3-BF4B-00C04F79EFBC}") = "PL", "PL\PL.csproj", "{29F70D11-14B7-404A-836E-74948DF5407E}"
EndProject
Project("{FAE04EC0-301F-11D3-BF4B-00C04F79EFBC}") = "DAL", "DAL\DAL.csproj", "{2F420F77-5514-4744-A88C-C680C6DCCACF}"
EndProject
Project("{FAE04EC0-301F-11D3-BF4B-00C04F79EFBC}") = "BLL", "BLL\BLL.csproj", "{B1B6EDBA-8C60-4D42-B5C1-2E8D7049B4DE}"
EndProject
Global
	GlobalSection(SolutionConfigurationPlatforms) = preSolution
		Debug|Any CPU = Debug|Any CPU
		Release|Any CPU = Release|Any CPU
	EndGlobalSection
	GlobalSection(ProjectConfigurationPlatforms) = postSolution
		{29F70D11-14B7-404A-836E-74948DF5407E}.Debug|Any CPU.ActiveCfg = Debug|Any CPU
		{29F70D11-14B7-404A-836E-74948DF5407E}.Debug|Any CPU.Build.0 = Debug|Any CPU
		{29F70D11-14B7-404A-836E-74948DF5407E}.Release|Any CPU.ActiveCfg = Release|Any CPU
		{29F70D11-14B7-404A-836E-74948DF5407E}.Release|Any CPU.Build.0 = Release|Any CPU
		{2F420F77-5514-4744-A88C-C680C6DCCACF}.Debug|Any CPU.ActiveCfg = Debug|Any CPU
		{2F420F77-5514-4744-A88C-C680C6DCCACF}.Debug|Any CPU.Build.0 = Debug|Any CPU
		{2F420F77-5514-4744-A88C-C680C6DCCACF}.Release|Any CPU.ActiveCfg = Release|Any CPU
		{2F420F77-5514-4744-A88C-C680C6DCCACF}.Release|Any CPU.Build.0 = Release|Any CPU
		{B1B6EDBA-8C60-4D42-B5C1-2E8D7049B4DE}.Debug|Any CPU.ActiveCfg = Debug|Any CPU
		{B1B6EDBA-8C60-4D42-B5C1-2E8D7049B4DE}.Debug|Any CPU.Build.0 = Debug|Any CPU
		{B1B6EDBA-8C60-4D42-B5C1-2E8D7049B4DE}.Release|Any CPU.ActiveCfg = Release|Any CPU
		{B1B6EDBA-8C60-4D42-B5C1-2E8D7049B4DE}.Release|Any CPU.Build.0 = Release|Any CPU
	EndGlobalSection
	GlobalSection(SolutionProperties) = preSolution
		HideSolutionNode = FALSE
	EndGlobalSection
	GlobalSection(ExtensibilityGlobals) = postSolution
		SolutionGuid = {35BF8C8E-A952-430D-A359-75709E196C99}
	EndGlobalSection
EndGlobal
